// !$*UTF8*$!
{
	archiveVersion = 1;
	classes = {
	};
	objectVersion = 50;
	objects = {

/* Begin PBXBuildFile section */
		04729A1E26843606000676C5 /* AppDelegate.swift in Sources */ = {isa = PBXBuildFile; fileRef = 04729A1D26843606000676C5 /* AppDelegate.swift */; };
		04729A2026843606000676C5 /* SceneDelegate.swift in Sources */ = {isa = PBXBuildFile; fileRef = 04729A1F26843606000676C5 /* SceneDelegate.swift */; };
		04729A2226843606000676C5 /* MovieViewController.swift in Sources */ = {isa = PBXBuildFile; fileRef = 04729A2126843606000676C5 /* MovieViewController.swift */; };
		04729A2526843606000676C5 /* Main.storyboard in Resources */ = {isa = PBXBuildFile; fileRef = 04729A2326843606000676C5 /* Main.storyboard */; };
		04729A2726843607000676C5 /* Assets.xcassets in Resources */ = {isa = PBXBuildFile; fileRef = 04729A2626843607000676C5 /* Assets.xcassets */; };
		04729A2A26843607000676C5 /* LaunchScreen.storyboard in Resources */ = {isa = PBXBuildFile; fileRef = 04729A2826843607000676C5 /* LaunchScreen.storyboard */; };
		04729A3326843835000676C5 /* APIResponse.swift in Sources */ = {isa = PBXBuildFile; fileRef = 04729A3226843835000676C5 /* APIResponse.swift */; };
		04729A37268439E4000676C5 /* APICaller.swift in Sources */ = {isa = PBXBuildFile; fileRef = 04729A36268439E3000676C5 /* APICaller.swift */; };
		04991838268447050039D4B3 /* MovieViewModel.swift in Sources */ = {isa = PBXBuildFile; fileRef = 04991837268447050039D4B3 /* MovieViewModel.swift */; };
		0499183B26844E220039D4B3 /* MovieTableViewCell.swift in Sources */ = {isa = PBXBuildFile; fileRef = 0499183A26844E220039D4B3 /* MovieTableViewCell.swift */; };
		0499183E268451E90039D4B3 /* Extensions.swift in Sources */ = {isa = PBXBuildFile; fileRef = 0499183D268451E90039D4B3 /* Extensions.swift */; };
/* End PBXBuildFile section */

/* Begin PBXFileReference section */
		04729A1A26843605000676C5 /* TMDBSearch-RestAPI.app */ = {isa = PBXFileReference; explicitFileType = wrapper.application; includeInIndex = 0; path = "TMDBSearch-RestAPI.app"; sourceTree = BUILT_PRODUCTS_DIR; };
		04729A1D26843606000676C5 /* AppDelegate.swift */ = {isa = PBXFileReference; lastKnownFileType = sourcecode.swift; path = AppDelegate.swift; sourceTree = "<group>"; };
		04729A1F26843606000676C5 /* SceneDelegate.swift */ = {isa = PBXFileReference; lastKnownFileType = sourcecode.swift; path = SceneDelegate.swift; sourceTree = "<group>"; };
		04729A2126843606000676C5 /* MovieViewController.swift */ = {isa = PBXFileReference; lastKnownFileType = sourcecode.swift; path = MovieViewController.swift; sourceTree = "<group>"; };
		04729A2426843606000676C5 /* Base */ = {isa = PBXFileReference; lastKnownFileType = file.storyboard; name = Base; path = Base.lproj/Main.storyboard; sourceTree = "<group>"; };
		04729A2626843607000676C5 /* Assets.xcassets */ = {isa = PBXFileReference; lastKnownFileType = folder.assetcatalog; path = Assets.xcassets; sourceTree = "<group>"; };
		04729A2926843607000676C5 /* Base */ = {isa = PBXFileReference; lastKnownFileType = file.storyboard; name = Base; path = Base.lproj/LaunchScreen.storyboard; sourceTree = "<group>"; };
		04729A2B26843607000676C5 /* Info.plist */ = {isa = PBXFileReference; lastKnownFileType = text.plist.xml; path = Info.plist; sourceTree = "<group>"; };
		04729A3226843835000676C5 /* APIResponse.swift */ = {isa = PBXFileReference; lastKnownFileType = sourcecode.swift; path = APIResponse.swift; sourceTree = "<group>"; };
		04729A36268439E3000676C5 /* APICaller.swift */ = {isa = PBXFileReference; lastKnownFileType = sourcecode.swift; path = APICaller.swift; sourceTree = "<group>"; };
		04991837268447050039D4B3 /* MovieViewModel.swift */ = {isa = PBXFileReference; lastKnownFileType = sourcecode.swift; path = MovieViewModel.swift; sourceTree = "<group>"; };
		0499183A26844E220039D4B3 /* MovieTableViewCell.swift */ = {isa = PBXFileReference; lastKnownFileType = sourcecode.swift; path = MovieTableViewCell.swift; sourceTree = "<group>"; };
		0499183D268451E90039D4B3 /* Extensions.swift */ = {isa = PBXFileReference; lastKnownFileType = sourcecode.swift; path = Extensions.swift; sourceTree = "<group>"; };
/* End PBXFileReference section */

/* Begin PBXFrameworksBuildPhase section */
		04729A1726843605000676C5 /* Frameworks */ = {
			isa = PBXFrameworksBuildPhase;
			buildActionMask = 2147483647;
			files = (
			);
			runOnlyForDeploymentPostprocessing = 0;
		};
/* End PBXFrameworksBuildPhase section */

/* Begin PBXGroup section */
		04729A1126843605000676C5 = {
			isa = PBXGroup;
			children = (
				04729A1C26843605000676C5 /* TMDBSearch-RestAPI */,
				04729A1B26843605000676C5 /* Products */,
			);
			sourceTree = "<group>";
		};
		04729A1B26843605000676C5 /* Products */ = {
			isa = PBXGroup;
			children = (
				04729A1A26843605000676C5 /* TMDBSearch-RestAPI.app */,
			);
			name = Products;
			sourceTree = "<group>";
		};
		04729A1C26843605000676C5 /* TMDBSearch-RestAPI */ = {
			isa = PBXGroup;
			children = (
				04729A1D26843606000676C5 /* AppDelegate.swift */,
				04729A1F26843606000676C5 /* SceneDelegate.swift */,
				049918352684467F0039D4B3 /* Controller */,
				04991832268446510039D4B3 /* Model */,
				04991834268446680039D4B3 /* View */,
				049918362684468C0039D4B3 /* ViewModel */,
				04729A2626843607000676C5 /* Assets.xcassets */,
				04729A2B26843607000676C5 /* Info.plist */,
				04991831268446460039D4B3 /* Manager */,
				0499183D268451E90039D4B3 /* Extensions.swift */,
			);
			path = "TMDBSearch-RestAPI";
			sourceTree = "<group>";
		};
		04991831268446460039D4B3 /* Manager */ = {
			isa = PBXGroup;
			children = (
				04729A36268439E3000676C5 /* APICaller.swift */,
			);
			path = Manager;
			sourceTree = "<group>";
		};
		04991832268446510039D4B3 /* Model */ = {
			isa = PBXGroup;
			children = (
				04729A3226843835000676C5 /* APIResponse.swift */,
			);
			path = Model;
			sourceTree = "<group>";
		};
		04991834268446680039D4B3 /* View */ = {
			isa = PBXGroup;
			children = (
				04729A2326843606000676C5 /* Main.storyboard */,
				04729A2826843607000676C5 /* LaunchScreen.storyboard */,
				0499183A26844E220039D4B3 /* MovieTableViewCell.swift */,
			);
			path = View;
			sourceTree = "<group>";
		};
		049918352684467F0039D4B3 /* Controller */ = {
			isa = PBXGroup;
			children = (
				04729A2126843606000676C5 /* MovieViewController.swift */,
			);
			path = Controller;
			sourceTree = "<group>";
		};
		049918362684468C0039D4B3 /* ViewModel */ = {
			isa = PBXGroup;
			children = (
				04991837268447050039D4B3 /* MovieViewModel.swift */,
			);
			path = ViewModel;
			sourceTree = "<group>";
		};
/* End PBXGroup section */

/* Begin PBXNativeTarget section */
		04729A1926843605000676C5 /* TMDBSearch-RestAPI */ = {
			isa = PBXNativeTarget;
			buildConfigurationList = 04729A2E26843607000676C5 /* Build configuration list for PBXNativeTarget "TMDBSearch-RestAPI" */;
			buildPhases = (
				04729A1626843605000676C5 /* Sources */,
				04729A1726843605000676C5 /* Frameworks */,
				04729A1826843605000676C5 /* Resources */,
			);
			buildRules = (
			);
			dependencies = (
			);
			name = "TMDBSearch-RestAPI";
			productName = "TMDBSearch-RestAPI";
			productReference = 04729A1A26843605000676C5 /* TMDBSearch-RestAPI.app */;
			productType = "com.apple.product-type.application";
		};
/* End PBXNativeTarget section */

/* Begin PBXProject section */
		04729A1226843605000676C5 /* Project object */ = {
			isa = PBXProject;
			attributes = {
				LastSwiftUpdateCheck = 1240;
				LastUpgradeCheck = 1240;
				TargetAttributes = {
					04729A1926843605000676C5 = {
						CreatedOnToolsVersion = 12.4;
					};
				};
			};
			buildConfigurationList = 04729A1526843605000676C5 /* Build configuration list for PBXProject "TMDBSearch-RestAPI" */;
			compatibilityVersion = "Xcode 9.3";
			developmentRegion = en;
			hasScannedForEncodings = 0;
			knownRegions = (
				en,
				Base,
			);
			mainGroup = 04729A1126843605000676C5;
			productRefGroup = 04729A1B26843605000676C5 /* Products */;
			projectDirPath = "";
			projectRoot = "";
			targets = (
				04729A1926843605000676C5 /* TMDBSearch-RestAPI */,
			);
		};
/* End PBXProject section */

/* Begin PBXResourcesBuildPhase section */
		04729A1826843605000676C5 /* Resources */ = {
			isa = PBXResourcesBuildPhase;
			buildActionMask = 2147483647;
			files = (
				04729A2A26843607000676C5 /* LaunchScreen.storyboard in Resources */,
				04729A2726843607000676C5 /* Assets.xcassets in Resources */,
				04729A2526843606000676C5 /* Main.storyboard in Resources */,
			);
			runOnlyForDeploymentPostprocessing = 0;
		};
/* End PBXResourcesBuildPhase section */

/* Begin PBXSourcesBuildPhase section */
		04729A1626843605000676C5 /* Sources */ = {
			isa = PBXSourcesBuildPhase;
			buildActionMask = 2147483647;
			files = (
				04729A2226843606000676C5 /* MovieViewController.swift in Sources */,
				04991838268447050039D4B3 /* MovieViewModel.swift in Sources */,
				0499183B26844E220039D4B3 /* MovieTableViewCell.swift in Sources */,
				0499183E268451E90039D4B3 /* Extensions.swift in Sources */,
				04729A1E26843606000676C5 /* AppDelegate.swift in Sources */,
				04729A2026843606000676C5 /* SceneDelegate.swift in Sources */,
				04729A37268439E4000676C5 /* APICaller.swift in Sources */,
				04729A3326843835000676C5 /* APIResponse.swift in Sources */,
			);
			runOnlyForDeploymentPostprocessing = 0;
		};
/* End PBXSourcesBuildPhase section */

/* Begin PBXVariantGroup section */
		04729A2326843606000676C5 /* Main.storyboard */ = {
			isa = PBXVariantGroup;
			children = (
				04729A2426843606000676C5 /* Base */,
			);
			name = Main.storyboard;
			sourceTree = "<group>";
		};
		04729A2826843607000676C5 /* LaunchScreen.storyboard */ = {
			isa = PBXVariantGroup;
			children = (
				04729A2926843607000676C5 /* Base */,
			);
			name = LaunchScreen.storyboard;
			sourceTree = "<group>";
		};
/* End PBXVariantGroup section */

/* Begin XCBuildConfiguration section */
		04729A2C26843607000676C5 /* Debug */ = {
			isa = XCBuildConfiguration;
			buildSettings = {
				ALWAYS_SEARCH_USER_PATHS = NO;
				CLANG_ANALYZER_NONNULL = YES;
				CLANG_ANALYZER_NUMBER_OBJECT_CONVERSION = YES_AGGRESSIVE;
				CLANG_CXX_LANGUAGE_STANDARD = "gnu++14";
				CLANG_CXX_LIBRARY = "libc++";
				CLANG_ENABLE_MODULES = YES;
				CLANG_ENABLE_OBJC_ARC = YES;
				CLANG_ENABLE_OBJC_WEAK = YES;
				CLANG_WARN_BLOCK_CAPTURE_AUTORELEASING = YES;
				CLANG_WARN_BOOL_CONVERSION = YES;
				CLANG_WARN_COMMA = YES;
				CLANG_WARN_CONSTANT_CONVERSION = YES;
				CLANG_WARN_DEPRECATED_OBJC_IMPLEMENTATIONS = YES;
				CLANG_WARN_DIRECT_OBJC_ISA_USAGE = YES_ERROR;
				CLANG_WARN_DOCUMENTATION_COMMENTS = YES;
				CLANG_WARN_EMPTY_BODY = YES;
				CLANG_WARN_ENUM_CONVERSION = YES;
				CLANG_WARN_INFINITE_RECURSION = YES;
				CLANG_WARN_INT_CONVERSION = YES;
				CLANG_WARN_NON_LITERAL_NULL_CONVERSION = YES;
				CLANG_WARN_OBJC_IMPLICIT_RETAIN_SELF = YES;
				CLANG_WARN_OBJC_LITERAL_CONVERSION = YES;
				CLANG_WARN_OBJC_ROOT_CLASS = YES_ERROR;
				CLANG_WARN_QUOTED_INCLUDE_IN_FRAMEWORK_HEADER = YES;
				CLANG_WARN_RANGE_LOOP_ANALYSIS = YES;
				CLANG_WARN_STRICT_PROTOTYPES = YES;
				CLANG_WARN_SUSPICIOUS_MOVE = YES;
				CLANG_WARN_UNGUARDED_AVAILABILITY = YES_AGGRESSIVE;
				CLANG_WARN_UNREACHABLE_CODE = YES;
				CLANG_WARN__DUPLICATE_METHOD_MATCH = YES;
				COPY_PHASE_STRIP = NO;
				DEBUG_INFORMATION_FORMAT = dwarf;
				ENABLE_STRICT_OBJC_MSGSEND = YES;
				ENABLE_TESTABILITY = YES;
				GCC_C_LANGUAGE_STANDARD = gnu11;
				GCC_DYNAMIC_NO_PIC = NO;
				GCC_NO_COMMON_BLOCKS = YES;
				GCC_OPTIMIZATION_LEVEL = 0;
				GCC_PREPROCESSOR_DEFINITIONS = (
					"DEBUG=1",
					"$(inherited)",
				);
				GCC_WARN_64_TO_32_BIT_CONVERSION = YES;
				GCC_WARN_ABOUT_RETURN_TYPE = YES_ERROR;
				GCC_WARN_UNDECLARED_SELECTOR = YES;
				GCC_WARN_UNINITIALIZED_AUTOS = YES_AGGRESSIVE;
				GCC_WARN_UNUSED_FUNCTION = YES;
				GCC_WARN_UNUSED_VARIABLE = YES;
				IPHONEOS_DEPLOYMENT_TARGET = 14.4;
				MTL_ENABLE_DEBUG_INFO = INCLUDE_SOURCE;
				MTL_FAST_MATH = YES;
				ONLY_ACTIVE_ARCH = YES;
				SDKROOT = iphoneos;
				SWIFT_ACTIVE_COMPILATION_CONDITIONS = DEBUG;
				SWIFT_OPTIMIZATION_LEVEL = "-Onone";
			};
			name = Debug;
		};
		04729A2D26843607000676C5 /* Release */ = {
			isa = XCBuildConfiguration;
			buildSettings = {
				ALWAYS_SEARCH_USER_PATHS = NO;
				CLANG_ANALYZER_NONNULL = YES;
				CLANG_ANALYZER_NUMBER_OBJECT_CONVERSION = YES_AGGRESSIVE;
				CLANG_CXX_LANGUAGE_STANDARD = "gnu++14";
				CLANG_CXX_LIBRARY = "libc++";
				CLANG_ENABLE_MODULES = YES;
				CLANG_ENABLE_OBJC_ARC = YES;
				CLANG_ENABLE_OBJC_WEAK = YES;
				CLANG_WARN_BLOCK_CAPTURE_AUTORELEASING = YES;
				CLANG_WARN_BOOL_CONVERSION = YES;
				CLANG_WARN_COMMA = YES;
				CLANG_WARN_CONSTANT_CONVERSION = YES;
				CLANG_WARN_DEPRECATED_OBJC_IMPLEMENTATIONS = YES;
				CLANG_WARN_DIRECT_OBJC_ISA_USAGE = YES_ERROR;
				CLANG_WARN_DOCUMENTATION_COMMENTS = YES;
				CLANG_WARN_EMPTY_BODY = YES;
				CLANG_WARN_ENUM_CONVERSION = YES;
				CLANG_WARN_INFINITE_RECURSION = YES;
				CLANG_WARN_INT_CONVERSION = YES;
				CLANG_WARN_NON_LITERAL_NULL_CONVERSION = YES;
				CLANG_WARN_OBJC_IMPLICIT_RETAIN_SELF = YES;
				CLANG_WARN_OBJC_LITERAL_CONVERSION = YES;
				CLANG_WARN_OBJC_ROOT_CLASS = YES_ERROR;
				CLANG_WARN_QUOTED_INCLUDE_IN_FRAMEWORK_HEADER = YES;
				CLANG_WARN_RANGE_LOOP_ANALYSIS = YES;
				CLANG_WARN_STRICT_PROTOTYPES = YES;
				CLANG_WARN_SUSPICIOUS_MOVE = YES;
				CLANG_WARN_UNGUARDED_AVAILABILITY = YES_AGGRESSIVE;
				CLANG_WARN_UNREACHABLE_CODE = YES;
				CLANG_WARN__DUPLICATE_METHOD_MATCH = YES;
				COPY_PHASE_STRIP = NO;
				DEBUG_INFORMATION_FORMAT = "dwarf-with-dsym";
				ENABLE_NS_ASSERTIONS = NO;
				ENABLE_STRICT_OBJC_MSGSEND = YES;
				GCC_C_LANGUAGE_STANDARD = gnu11;
				GCC_NO_COMMON_BLOCKS = YES;
				GCC_WARN_64_TO_32_BIT_CONVERSION = YES;
				GCC_WARN_ABOUT_RETURN_TYPE = YES_ERROR;
				GCC_WARN_UNDECLARED_SELECTOR = YES;
				GCC_WARN_UNINITIALIZED_AUTOS = YES_AGGRESSIVE;
				GCC_WARN_UNUSED_FUNCTION = YES;
				GCC_WARN_UNUSED_VARIABLE = YES;
				IPHONEOS_DEPLOYMENT_TARGET = 14.4;
				MTL_ENABLE_DEBUG_INFO = NO;
				MTL_FAST_MATH = YES;
				SDKROOT = iphoneos;
				SWIFT_COMPILATION_MODE = wholemodule;
				SWIFT_OPTIMIZATION_LEVEL = "-O";
				VALIDATE_PRODUCT = YES;
			};
			name = Release;
		};
		04729A2F26843607000676C5 /* Debug */ = {
			isa = XCBuildConfiguration;
			buildSettings = {
				ASSETCATALOG_COMPILER_APPICON_NAME = AppIcon;
				ASSETCATALOG_COMPILER_GLOBAL_ACCENT_COLOR_NAME = AccentColor;
				CODE_SIGN_STYLE = Automatic;
				DEVELOPMENT_TEAM = 7ZBHT89JPN;
				INFOPLIST_FILE = "TMDBSearch-RestAPI/Info.plist";
				LD_RUNPATH_SEARCH_PATHS = (
					"$(inherited)",
					"@executable_path/Frameworks",
				);
				PRODUCT_BUNDLE_IDENTIFIER = "com.jervygu.TMDBSearch-RestAPI";
				PRODUCT_NAME = "$(TARGET_NAME)";
				SWIFT_VERSION = 5.0;
				TARGETED_DEVICE_FAMILY = "1,2";
			};
			name = Debug;
		};
		04729A3026843607000676C5 /* Release */ = {
			isa = XCBuildConfiguration;
			buildSettings = {
				ASSETCATALOG_COMPILER_APPICON_NAME = AppIcon;
				ASSETCATALOG_COMPILER_GLOBAL_ACCENT_COLOR_NAME = AccentColor;
				CODE_SIGN_STYLE = Automatic;
				DEVELOPMENT_TEAM = 7ZBHT89JPN;
				INFOPLIST_FILE = "TMDBSearch-RestAPI/Info.plist";
				LD_RUNPATH_SEARCH_PATHS = (
					"$(inherited)",
					"@executable_path/Frameworks",
				);
				PRODUCT_BUNDLE_IDENTIFIER = "com.jervygu.TMDBSearch-RestAPI";
				PRODUCT_NAME = "$(TARGET_NAME)";
				SWIFT_VERSION = 5.0;
				TARGETED_DEVICE_FAMILY = "1,2";
			};
			name = Release;
		};
/* End XCBuildConfiguration section */

/* Begin XCConfigurationList section */
		04729A1526843605000676C5 /* Build configuration list for PBXProject "TMDBSearch-RestAPI" */ = {
			isa = XCConfigurationList;
			buildConfigurations = (
				04729A2C26843607000676C5 /* Debug */,
				04729A2D26843607000676C5 /* Release */,
			);
			defaultConfigurationIsVisible = 0;
			defaultConfigurationName = Release;
		};
		04729A2E26843607000676C5 /* Build configuration list for PBXNativeTarget "TMDBSearch-RestAPI" */ = {
			isa = XCConfigurationList;
			buildConfigurations = (
				04729A2F26843607000676C5 /* Debug */,
				04729A3026843607000676C5 /* Release */,
			);
			defaultConfigurationIsVisible = 0;
			defaultConfigurationName = Release;
		};
/* End XCConfigurationList section */
	};
	rootObject = 04729A1226843605000676C5 /* Project object */;
}
